
Microsoft Visual Studio Solution File, Format Version 12.00
# Visual Studio Version 17
VisualStudioVersion = 17.4.33110.190
MinimumVisualStudioVersion = 10.0.40219.1
Project("{2150E333-8FDC-42A3-9474-1A3956D46DE8}") = "Application Business Rules", "Application Business Rules", "{CA81DB85-33ED-4BD1-AF3C-7F05B00EDC49}"
EndProject
Project("{2150E333-8FDC-42A3-9474-1A3956D46DE8}") = "Enterprise Business Rules", "Enterprise Business Rules", "{1890C0DE-3707-4DD4-B887-D73C47F97CC2}"
EndProject
Project("{2150E333-8FDC-42A3-9474-1A3956D46DE8}") = "Frameworks and Drivers", "Frameworks and Drivers", "{5340145F-3CD9-4A63-94BD-745C28810DE1}"
EndProject
Project("{2150E333-8FDC-42A3-9474-1A3956D46DE8}") = "Interface Adapters", "Interface Adapters", "{5664650A-C4CA-47A1-A1E4-0C1AD2BD0ED2}"
EndProject
Project("{9A19103F-16F7-4668-BE54-9A1E7A4F7556}") = "NewShore.Flight.UseCases", "NewShore.Fliht.UseCases\NewShore.Flight.UseCases.csproj", "{231FC0B6-C755-4977-89AF-6777700FD5D0}"
EndProject
Project("{9A19103F-16F7-4668-BE54-9A1E7A4F7556}") = "NewShore.Flight.UseCasesPorts", "NewShore.Flight.UseCasesPorts\NewShore.Flight.UseCasesPorts.csproj", "{19666052-320C-4B03-916C-8B4246442EFC}"
EndProject
Project("{9A19103F-16F7-4668-BE54-9A1E7A4F7556}") = "NewShore.Flight.UsesCasesDTOs", "NewShore.Flight.UsesCasesDTOs\NewShore.Flight.UsesCasesDTOs.csproj", "{AF6750A5-AD2E-4762-9E1A-3F0EA0BFA5C8}"
EndProject
Project("{9A19103F-16F7-4668-BE54-9A1E7A4F7556}") = "NowShore.Flight.Entities", "NowShore.Flight.Entities\NowShore.Flight.Entities.csproj", "{D19D4FB1-0D1D-431D-AFDB-6402D04E8D8B}"
EndProject
Project("{2150E333-8FDC-42A3-9474-1A3956D46DE8}") = "UI", "UI", "{C4D5D8EB-19A3-4BC7-B9FB-ABAE8A0B24D9}"
EndProject
Project("{9A19103F-16F7-4668-BE54-9A1E7A4F7556}") = "NewShore.Flight.WebApi", "NewShore.Flight.WebApi\NewShore.Flight.WebApi.csproj", "{0C340048-C5AA-406F-A28B-1DBFA65618CE}"
EndProject
Project("{2150E333-8FDC-42A3-9474-1A3956D46DE8}") = "Controller", "Controller", "{B4E0ABBC-91FC-43FF-BB9D-0530E6300693}"
EndProject
Project("{2150E333-8FDC-42A3-9474-1A3956D46DE8}") = "Gateways", "Gateways", "{B37BA236-62FB-433C-8DEA-49C900CF4229}"
EndProject
Project("{2150E333-8FDC-42A3-9474-1A3956D46DE8}") = "Presenters", "Presenters", "{B033F2D4-CACF-47E3-914F-398649FDDC88}"
EndProject
Project("{9A19103F-16F7-4668-BE54-9A1E7A4F7556}") = "NewShore.Flight.Controllers", "NewShore.Flight.Controllers\NewShore.Flight.Controllers.csproj", "{2166F582-EAF5-4F24-A9CA-F3982853973D}"
EndProject
Project("{9A19103F-16F7-4668-BE54-9A1E7A4F7556}") = "NewShore.Fligth.AccessData", "NewShore.Fligth.AccessData\NewShore.Fligth.AccessData.csproj", "{5A6C71C2-16EC-4294-B5FD-2D132E551C0D}"
EndProject
Project("{9A19103F-16F7-4668-BE54-9A1E7A4F7556}") = "NewShore.Fligth.IoC", "NewShore.Fligth.IoC\NewShore.Fligth.IoC.csproj", "{EA4A49B3-D81A-4993-8F9C-863AAFAD9B26}"
EndProject
Project("{9A19103F-16F7-4668-BE54-9A1E7A4F7556}") = "NewShore.Fligth.Presenters", "NewShore.Fligth.Presenters\NewShore.Fligth.Presenters.csproj", "{1E804E09-B655-4594-A214-1649D643E298}"
EndProject
Project("{9A19103F-16F7-4668-BE54-9A1E7A4F7556}") = "NewShore.Flight.WebExceptionsPresenter", "NewShore.Flight.WebExceptionsPresenter\NewShore.Flight.WebExceptionsPresenter.csproj", "{4224A3BA-38DF-49FF-9360-79F41D1C6326}"
EndProject
Project("{2150E333-8FDC-42A3-9474-1A3956D46DE8}") = "Solution Items", "Solution Items", "{69134FAB-29EA-4437-B5DC-C487D8A342C0}"
	ProjectSection(SolutionItems) = preProject
		.editorconfig = .editorconfig
	EndProjectSection
EndProject
Project("{2150E333-8FDC-42A3-9474-1A3956D46DE8}") = "ExternalInterfaces", "ExternalInterfaces", "{0FF7A7AA-9E50-4B9E-8192-FE039DF1D57E}"
EndProject
Project("{FAE04EC0-301F-11D3-BF4B-00C04F79EFBC}") = "NewShore.Flight.ExternalAdapters", "NewShore.Flight.ExternalAdapters\NewShore.Flight.ExternalAdapters.csproj", "{08BDBDCE-6D2B-4514-BFB6-C4F0C0528D2C}"
EndProject
Project("{FAE04EC0-301F-11D3-BF4B-00C04F79EFBC}") = "NewShore.Flight.UseCasesExternal", "NewShore.Flight.UseCasesExternal\NewShore.Flight.UseCasesExternal.csproj", "{5504A6AA-2489-425C-BFB8-0F512FE521FC}"
EndProject
Project("{FAE04EC0-301F-11D3-BF4B-00C04F79EFBC}") = "NewShore.Flight.UseCasesPortsExternal", "NewShore.Flight.UseCasesPortsExternal\NewShore.Flight.UseCasesPortsExternal.csproj", "{E9DE1DC0-3921-4008-976B-9C1DB59EAADD}"
EndProject
Project("{FAE04EC0-301F-11D3-BF4B-00C04F79EFBC}") = "NewShore.Flight.UsesCasesExternalDTOs", "NewShore.Flight.UsesCasesExternalDTOs\NewShore.Flight.UsesCasesExternalDTOs.csproj", "{77023971-C5A0-4E28-BF67-E226F29A0E64}"
EndProject
Project("{FAE04EC0-301F-11D3-BF4B-00C04F79EFBC}") = "NewShore.Flight.ExternalPresenter", "NewShore.Flight.ExternalPresenter\NewShore.Flight.ExternalPresenter.csproj", "{FE8F2FE5-DAAE-42F0-BD45-7EDC2A15AB42}"
EndProject
Global
	GlobalSection(SolutionConfigurationPlatforms) = preSolution
		Debug|Any CPU = Debug|Any CPU
		Release|Any CPU = Release|Any CPU
	EndGlobalSection
	GlobalSection(ProjectConfigurationPlatforms) = postSolution
		{231FC0B6-C755-4977-89AF-6777700FD5D0}.Debug|Any CPU.ActiveCfg = Debug|Any CPU
		{231FC0B6-C755-4977-89AF-6777700FD5D0}.Debug|Any CPU.Build.0 = Debug|Any CPU
		{231FC0B6-C755-4977-89AF-6777700FD5D0}.Release|Any CPU.ActiveCfg = Release|Any CPU
		{231FC0B6-C755-4977-89AF-6777700FD5D0}.Release|Any CPU.Build.0 = Release|Any CPU
		{19666052-320C-4B03-916C-8B4246442EFC}.Debug|Any CPU.ActiveCfg = Debug|Any CPU
		{19666052-320C-4B03-916C-8B4246442EFC}.Debug|Any CPU.Build.0 = Debug|Any CPU
		{19666052-320C-4B03-916C-8B4246442EFC}.Release|Any CPU.ActiveCfg = Release|Any CPU
		{19666052-320C-4B03-916C-8B4246442EFC}.Release|Any CPU.Build.0 = Release|Any CPU
		{AF6750A5-AD2E-4762-9E1A-3F0EA0BFA5C8}.Debug|Any CPU.ActiveCfg = Debug|Any CPU
		{AF6750A5-AD2E-4762-9E1A-3F0EA0BFA5C8}.Debug|Any CPU.Build.0 = Debug|Any CPU
		{AF6750A5-AD2E-4762-9E1A-3F0EA0BFA5C8}.Release|Any CPU.ActiveCfg = Release|Any CPU
		{AF6750A5-AD2E-4762-9E1A-3F0EA0BFA5C8}.Release|Any CPU.Build.0 = Release|Any CPU
		{D19D4FB1-0D1D-431D-AFDB-6402D04E8D8B}.Debug|Any CPU.ActiveCfg = Debug|Any CPU
		{D19D4FB1-0D1D-431D-AFDB-6402D04E8D8B}.Debug|Any CPU.Build.0 = Debug|Any CPU
		{D19D4FB1-0D1D-431D-AFDB-6402D04E8D8B}.Release|Any CPU.ActiveCfg = Release|Any CPU
		{D19D4FB1-0D1D-431D-AFDB-6402D04E8D8B}.Release|Any CPU.Build.0 = Release|Any CPU
		{0C340048-C5AA-406F-A28B-1DBFA65618CE}.Debug|Any CPU.ActiveCfg = Debug|Any CPU
		{0C340048-C5AA-406F-A28B-1DBFA65618CE}.Debug|Any CPU.Build.0 = Debug|Any CPU
		{0C340048-C5AA-406F-A28B-1DBFA65618CE}.Release|Any CPU.ActiveCfg = Release|Any CPU
		{0C340048-C5AA-406F-A28B-1DBFA65618CE}.Release|Any CPU.Build.0 = Release|Any CPU
		{2166F582-EAF5-4F24-A9CA-F3982853973D}.Debug|Any CPU.ActiveCfg = Debug|Any CPU
		{2166F582-EAF5-4F24-A9CA-F3982853973D}.Debug|Any CPU.Build.0 = Debug|Any CPU
		{2166F582-EAF5-4F24-A9CA-F3982853973D}.Release|Any CPU.ActiveCfg = Release|Any CPU
		{2166F582-EAF5-4F24-A9CA-F3982853973D}.Release|Any CPU.Build.0 = Release|Any CPU
		{5A6C71C2-16EC-4294-B5FD-2D132E551C0D}.Debug|Any CPU.ActiveCfg = Debug|Any CPU
		{5A6C71C2-16EC-4294-B5FD-2D132E551C0D}.Debug|Any CPU.Build.0 = Debug|Any CPU
		{5A6C71C2-16EC-4294-B5FD-2D132E551C0D}.Release|Any CPU.ActiveCfg = Release|Any CPU
		{5A6C71C2-16EC-4294-B5FD-2D132E551C0D}.Release|Any CPU.Build.0 = Release|Any CPU
		{EA4A49B3-D81A-4993-8F9C-863AAFAD9B26}.Debug|Any CPU.ActiveCfg = Debug|Any CPU
		{EA4A49B3-D81A-4993-8F9C-863AAFAD9B26}.Debug|Any CPU.Build.0 = Debug|Any CPU
		{EA4A49B3-D81A-4993-8F9C-863AAFAD9B26}.Release|Any CPU.ActiveCfg = Release|Any CPU
		{EA4A49B3-D81A-4993-8F9C-863AAFAD9B26}.Release|Any CPU.Build.0 = Release|Any CPU
		{1E804E09-B655-4594-A214-1649D643E298}.Debug|Any CPU.ActiveCfg = Debug|Any CPU
		{1E804E09-B655-4594-A214-1649D643E298}.Debug|Any CPU.Build.0 = Debug|Any CPU
		{1E804E09-B655-4594-A214-1649D643E298}.Release|Any CPU.ActiveCfg = Release|Any CPU
		{1E804E09-B655-4594-A214-1649D643E298}.Release|Any CPU.Build.0 = Release|Any CPU
		{4224A3BA-38DF-49FF-9360-79F41D1C6326}.Debug|Any CPU.ActiveCfg = Debug|Any CPU
		{4224A3BA-38DF-49FF-9360-79F41D1C6326}.Debug|Any CPU.Build.0 = Debug|Any CPU
		{4224A3BA-38DF-49FF-9360-79F41D1C6326}.Release|Any CPU.ActiveCfg = Release|Any CPU
		{4224A3BA-38DF-49FF-9360-79F41D1C6326}.Release|Any CPU.Build.0 = Release|Any CPU
		{08BDBDCE-6D2B-4514-BFB6-C4F0C0528D2C}.Debug|Any CPU.ActiveCfg = Debug|Any CPU
		{08BDBDCE-6D2B-4514-BFB6-C4F0C0528D2C}.Debug|Any CPU.Build.0 = Debug|Any CPU
		{08BDBDCE-6D2B-4514-BFB6-C4F0C0528D2C}.Release|Any CPU.ActiveCfg = Release|Any CPU
		{08BDBDCE-6D2B-4514-BFB6-C4F0C0528D2C}.Release|Any CPU.Build.0 = Release|Any CPU
		{5504A6AA-2489-425C-BFB8-0F512FE521FC}.Debug|Any CPU.ActiveCfg = Debug|Any CPU
		{5504A6AA-2489-425C-BFB8-0F512FE521FC}.Debug|Any CPU.Build.0 = Debug|Any CPU
		{5504A6AA-2489-425C-BFB8-0F512FE521FC}.Release|Any CPU.ActiveCfg = Release|Any CPU
		{5504A6AA-2489-425C-BFB8-0F512FE521FC}.Release|Any CPU.Build.0 = Release|Any CPU
		{E9DE1DC0-3921-4008-976B-9C1DB59EAADD}.Debug|Any CPU.ActiveCfg = Debug|Any CPU
		{E9DE1DC0-3921-4008-976B-9C1DB59EAADD}.Debug|Any CPU.Build.0 = Debug|Any CPU
		{E9DE1DC0-3921-4008-976B-9C1DB59EAADD}.Release|Any CPU.ActiveCfg = Release|Any CPU
		{E9DE1DC0-3921-4008-976B-9C1DB59EAADD}.Release|Any CPU.Build.0 = Release|Any CPU
		{77023971-C5A0-4E28-BF67-E226F29A0E64}.Debug|Any CPU.ActiveCfg = Debug|Any CPU
		{77023971-C5A0-4E28-BF67-E226F29A0E64}.Debug|Any CPU.Build.0 = Debug|Any CPU
		{77023971-C5A0-4E28-BF67-E226F29A0E64}.Release|Any CPU.ActiveCfg = Release|Any CPU
		{77023971-C5A0-4E28-BF67-E226F29A0E64}.Release|Any CPU.Build.0 = Release|Any CPU
		{FE8F2FE5-DAAE-42F0-BD45-7EDC2A15AB42}.Debug|Any CPU.ActiveCfg = Debug|Any CPU
		{FE8F2FE5-DAAE-42F0-BD45-7EDC2A15AB42}.Debug|Any CPU.Build.0 = Debug|Any CPU
		{FE8F2FE5-DAAE-42F0-BD45-7EDC2A15AB42}.Release|Any CPU.ActiveCfg = Release|Any CPU
		{FE8F2FE5-DAAE-42F0-BD45-7EDC2A15AB42}.Release|Any CPU.Build.0 = Release|Any CPU
	EndGlobalSection
	GlobalSection(SolutionProperties) = preSolution
		HideSolutionNode = FALSE
	EndGlobalSection
	GlobalSection(NestedProjects) = preSolution
		{231FC0B6-C755-4977-89AF-6777700FD5D0} = {CA81DB85-33ED-4BD1-AF3C-7F05B00EDC49}
		{19666052-320C-4B03-916C-8B4246442EFC} = {CA81DB85-33ED-4BD1-AF3C-7F05B00EDC49}
		{AF6750A5-AD2E-4762-9E1A-3F0EA0BFA5C8} = {CA81DB85-33ED-4BD1-AF3C-7F05B00EDC49}
		{D19D4FB1-0D1D-431D-AFDB-6402D04E8D8B} = {1890C0DE-3707-4DD4-B887-D73C47F97CC2}
		{C4D5D8EB-19A3-4BC7-B9FB-ABAE8A0B24D9} = {5340145F-3CD9-4A63-94BD-745C28810DE1}
		{0C340048-C5AA-406F-A28B-1DBFA65618CE} = {C4D5D8EB-19A3-4BC7-B9FB-ABAE8A0B24D9}
		{B4E0ABBC-91FC-43FF-BB9D-0530E6300693} = {5664650A-C4CA-47A1-A1E4-0C1AD2BD0ED2}
		{B37BA236-62FB-433C-8DEA-49C900CF4229} = {5664650A-C4CA-47A1-A1E4-0C1AD2BD0ED2}
		{B033F2D4-CACF-47E3-914F-398649FDDC88} = {5664650A-C4CA-47A1-A1E4-0C1AD2BD0ED2}
		{2166F582-EAF5-4F24-A9CA-F3982853973D} = {B4E0ABBC-91FC-43FF-BB9D-0530E6300693}
		{5A6C71C2-16EC-4294-B5FD-2D132E551C0D} = {B37BA236-62FB-433C-8DEA-49C900CF4229}
		{EA4A49B3-D81A-4993-8F9C-863AAFAD9B26} = {5664650A-C4CA-47A1-A1E4-0C1AD2BD0ED2}
		{1E804E09-B655-4594-A214-1649D643E298} = {B033F2D4-CACF-47E3-914F-398649FDDC88}
		{4224A3BA-38DF-49FF-9360-79F41D1C6326} = {B033F2D4-CACF-47E3-914F-398649FDDC88}
		{0FF7A7AA-9E50-4B9E-8192-FE039DF1D57E} = {5340145F-3CD9-4A63-94BD-745C28810DE1}
		{08BDBDCE-6D2B-4514-BFB6-C4F0C0528D2C} = {0FF7A7AA-9E50-4B9E-8192-FE039DF1D57E}
		{5504A6AA-2489-425C-BFB8-0F512FE521FC} = {CA81DB85-33ED-4BD1-AF3C-7F05B00EDC49}
		{E9DE1DC0-3921-4008-976B-9C1DB59EAADD} = {CA81DB85-33ED-4BD1-AF3C-7F05B00EDC49}
		{77023971-C5A0-4E28-BF67-E226F29A0E64} = {CA81DB85-33ED-4BD1-AF3C-7F05B00EDC49}
		{FE8F2FE5-DAAE-42F0-BD45-7EDC2A15AB42} = {B033F2D4-CACF-47E3-914F-398649FDDC88}
	EndGlobalSection
	GlobalSection(ExtensibilityGlobals) = postSolution
		SolutionGuid = {3CF28595-4159-471F-8DF5-B0FA93D7E492}
	EndGlobalSection
EndGlobal
